Microsoft Visual Studio Solution File, Format Version 12.00
# Visual Studio Version 17
VisualStudioVersion = 17.5.2.0
MinimumVisualStudioVersion = 10.0.40219.1
Project("{FAE04EC0-301F-11D3-BF4B-00C04F79EFBC}") = "PortfolioEAI.Web", "PortfolioEAI.Web.csproj", "{A0112D73-C673-D680-D9BA-F666AE5AF343}"
EndProject
Global
	GlobalSection(SolutionConfigurationPlatforms) = preSolution
		Debug|Any CPU = Debug|Any CPU
		Release|Any CPU = Release|Any CPU
	EndGlobalSection
	GlobalSection(ProjectConfigurationPlatforms) = postSolution
		{A0112D73-C673-D680-D9BA-F666AE5AF343}.Debug|Any CPU.ActiveCfg = Debug|Any CPU
		{A0112D73-C673-D680-D9BA-F666AE5AF343}.Debug|Any CPU.Build.0 = Debug|Any CPU
		{A0112D73-C673-D680-D9BA-F666AE5AF343}.Release|Any CPU.ActiveCfg = Release|Any CPU
		{A0112D73-C673-D680-D9BA-F666AE5AF343}.Release|Any CPU.Build.0 = Release|Any CPU
	EndGlobalSection
	GlobalSection(SolutionProperties) = preSolution
		HideSolutionNode = FALSE
	EndGlobalSection
	GlobalSection(ExtensibilityGlobals) = postSolution
		SolutionGuid = {A17ACB54-BDDB-4B0F-BADE-ADACFC93EFB0}
	EndGlobalSection
EndGlobal
